
Microsoft Visual Studio Solution File, Format Version 12.00
# Visual Studio Version 17
VisualStudioVersion = 17.10.34928.147
MinimumVisualStudioVersion = 10.0.40219.1
Project("{FAE04EC0-301F-11D3-BF4B-00C04F79EFBC}") = "Airline Managment1", "Airline Managment1.csproj", "{8B556639-EB13-4773-B375-B1E9B305022E}"
EndProject
Global
	GlobalSection(SolutionConfigurationPlatforms) = preSolution
		Debug|Any CPU = Debug|Any CPU
		Release|Any CPU = Release|Any CPU
	EndGlobalSection
	GlobalSection(ProjectConfigurationPlatforms) = postSolution
		{8B556639-EB13-4773-B375-B1E9B305022E}.Debug|Any CPU.ActiveCfg = Debug|Any CPU
		{8B556639-EB13-4773-B375-B1E9B305022E}.Debug|Any CPU.Build.0 = Debug|Any CPU
		{8B556639-EB13-4773-B375-B1E9B305022E}.Release|Any CPU.ActiveCfg = Release|Any CPU
		{8B556639-EB13-4773-B375-B1E9B305022E}.Release|Any CPU.Build.0 = Release|Any CPU
	EndGlobalSection
	GlobalSection(SolutionProperties) = preSolution
		HideSolutionNode = FALSE
	EndGlobalSection
	GlobalSection(ExtensibilityGlobals) = postSolution
		SolutionGuid = {0E8DBB40-D0F5-49F1-BEE3-C795A0E648DC}
	EndGlobalSection
EndGlobal
